// !$*UTF8*$!
{
	archiveVersion = 1;
	classes = {
	};
	objectVersion = 46;
	objects = {

/* Begin PBXBuildFile section */
		883E13971F29214300EDB1E7 /* AppDelegate.swift in Sources */ = {isa = PBXBuildFile; fileRef = 883E13961F29214300EDB1E7 /* AppDelegate.swift */; };
		883E13991F29214300EDB1E7 /* ViewController.swift in Sources */ = {isa = PBXBuildFile; fileRef = 883E13981F29214300EDB1E7 /* ViewController.swift */; };
		883E139C1F29214300EDB1E7 /* Main.storyboard in Resources */ = {isa = PBXBuildFile; fileRef = 883E139A1F29214300EDB1E7 /* Main.storyboard */; };
		883E139E1F29214300EDB1E7 /* Assets.xcassets in Resources */ = {isa = PBXBuildFile; fileRef = 883E139D1F29214300EDB1E7 /* Assets.xcassets */; };
		883E13A11F29214300EDB1E7 /* LaunchScreen.storyboard in Resources */ = {isa = PBXBuildFile; fileRef = 883E139F1F29214300EDB1E7 /* LaunchScreen.storyboard */; };
		883E13AC1F29214300EDB1E7 /* trakt_involvesTests.swift in Sources */ = {isa = PBXBuildFile; fileRef = 883E13AB1F29214300EDB1E7 /* trakt_involvesTests.swift */; };
/* End PBXBuildFile section */

/* Begin PBXContainerItemProxy section */
		883E13A81F29214300EDB1E7 /* PBXContainerItemProxy */ = {
			isa = PBXContainerItemProxy;
			containerPortal = 883E138B1F29214300EDB1E7 /* Project object */;
			proxyType = 1;
			remoteGlobalIDString = 883E13921F29214300EDB1E7;
			remoteInfo = "trakt-involves";
		};
/* End PBXContainerItemProxy section */

/* Begin PBXFileReference section */
		883E13931F29214300EDB1E7 /* trakt-involves.app */ = {isa = PBXFileReference; explicitFileType = wrapper.application; includeInIndex = 0; path = "trakt-involves.app"; sourceTree = BUILT_PRODUCTS_DIR; };
		883E13961F29214300EDB1E7 /* AppDelegate.swift */ = {isa = PBXFileReference; lastKnownFileType = sourcecode.swift; path = AppDelegate.swift; sourceTree = "<group>"; };
		883E13981F29214300EDB1E7 /* ViewController.swift */ = {isa = PBXFileReference; lastKnownFileType = sourcecode.swift; path = ViewController.swift; sourceTree = "<group>"; };
		883E139B1F29214300EDB1E7 /* Base */ = {isa = PBXFileReference; lastKnownFileType = file.storyboard; name = Base; path = Base.lproj/Main.storyboard; sourceTree = "<group>"; };
		883E139D1F29214300EDB1E7 /* Assets.xcassets */ = {isa = PBXFileReference; lastKnownFileType = folder.assetcatalog; path = Assets.xcassets; sourceTree = "<group>"; };
		883E13A01F29214300EDB1E7 /* Base */ = {isa = PBXFileReference; lastKnownFileType = file.storyboard; name = Base; path = Base.lproj/LaunchScreen.storyboard; sourceTree = "<group>"; };
		883E13A21F29214300EDB1E7 /* Info.plist */ = {isa = PBXFileReference; lastKnownFileType = text.plist.xml; path = Info.plist; sourceTree = "<group>"; };
		883E13A71F29214300EDB1E7 /* trakt-involvesTests.xctest */ = {isa = PBXFileReference; explicitFileType = wrapper.cfbundle; includeInIndex = 0; path = "trakt-involvesTests.xctest"; sourceTree = BUILT_PRODUCTS_DIR; };
		883E13AB1F29214300EDB1E7 /* trakt_involvesTests.swift */ = {isa = PBXFileReference; lastKnownFileType = sourcecode.swift; path = trakt_involvesTests.swift; sourceTree = "<group>"; };
		883E13AD1F29214300EDB1E7 /* Info.plist */ = {isa = PBXFileReference; lastKnownFileType = text.plist.xml; path = Info.plist; sourceTree = "<group>"; };
/* End PBXFileReference section */

/* Begin PBXFrameworksBuildPhase section */
		883E13901F29214300EDB1E7 /* Frameworks */ = {
			isa = PBXFrameworksBuildPhase;
			buildActionMask = 2147483647;
			files = (
			);
			runOnlyForDeploymentPostprocessing = 0;
		};
		883E13A41F29214300EDB1E7 /* Frameworks */ = {
			isa = PBXFrameworksBuildPhase;
			buildActionMask = 2147483647;
			files = (
			);
			runOnlyForDeploymentPostprocessing = 0;
		};
/* End PBXFrameworksBuildPhase section */

/* Begin PBXGroup section */
		883E138A1F29214300EDB1E7 = {
			isa = PBXGroup;
			children = (
				883E13951F29214300EDB1E7 /* trakt-involves */,
				883E13AA1F29214300EDB1E7 /* trakt-involvesTests */,
				883E13941F29214300EDB1E7 /* Products */,
			);
			sourceTree = "<group>";
		};
		883E13941F29214300EDB1E7 /* Products */ = {
			isa = PBXGroup;
			children = (
				883E13931F29214300EDB1E7 /* trakt-involves.app */,
				883E13A71F29214300EDB1E7 /* trakt-involvesTests.xctest */,
			);
			name = Products;
			sourceTree = "<group>";
		};
		883E13951F29214300EDB1E7 /* trakt-involves */ = {
			isa = PBXGroup;
			children = (
				883E13961F29214300EDB1E7 /* AppDelegate.swift */,
				883E13981F29214300EDB1E7 /* ViewController.swift */,
				883E139A1F29214300EDB1E7 /* Main.storyboard */,
				883E139D1F29214300EDB1E7 /* Assets.xcassets */,
				883E139F1F29214300EDB1E7 /* LaunchScreen.storyboard */,
				883E13A21F29214300EDB1E7 /* Info.plist */,
			);
			path = "trakt-involves";
			sourceTree = "<group>";
		};
		883E13AA1F29214300EDB1E7 /* trakt-involvesTests */ = {
			isa = PBXGroup;
			children = (
				883E13AB1F29214300EDB1E7 /* trakt_involvesTests.swift */,
				883E13AD1F29214300EDB1E7 /* Info.plist */,
			);
			path = "trakt-involvesTests";
			sourceTree = "<group>";
		};
/* End PBXGroup section */

/* Begin PBXNativeTarget section */
		883E13921F29214300EDB1E7 /* trakt-involves */ = {
			isa = PBXNativeTarget;
			buildConfigurationList = 883E13B01F29214300EDB1E7 /* Build configuration list for PBXNativeTarget "trakt-involves" */;
			buildPhases = (
				883E138F1F29214300EDB1E7 /* Sources */,
				883E13901F29214300EDB1E7 /* Frameworks */,
				883E13911F29214300EDB1E7 /* Resources */,
			);
			buildRules = (
			);
			dependencies = (
			);
			name = "trakt-involves";
			productName = "trakt-involves";
			productReference = 883E13931F29214300EDB1E7 /* trakt-involves.app */;
			productType = "com.apple.product-type.application";
		};
		883E13A61F29214300EDB1E7 /* trakt-involvesTests */ = {
			isa = PBXNativeTarget;
			buildConfigurationList = 883E13B31F29214300EDB1E7 /* Build configuration list for PBXNativeTarget "trakt-involvesTests" */;
			buildPhases = (
				883E13A31F29214300EDB1E7 /* Sources */,
				883E13A41F29214300EDB1E7 /* Frameworks */,
				883E13A51F29214300EDB1E7 /* Resources */,
			);
			buildRules = (
			);
			dependencies = (
				883E13A91F29214300EDB1E7 /* PBXTargetDependency */,
			);
			name = "trakt-involvesTests";
			productName = "trakt-involvesTests";
			productReference = 883E13A71F29214300EDB1E7 /* trakt-involvesTests.xctest */;
			productType = "com.apple.product-type.bundle.unit-test";
		};
/* End PBXNativeTarget section */

/* Begin PBXProject section */
		883E138B1F29214300EDB1E7 /* Project object */ = {
			isa = PBXProject;
			attributes = {
				LastSwiftUpdateCheck = 0830;
				LastUpgradeCheck = 0830;
				ORGANIZATIONNAME = "Flavio Kruger Bittencourt";
				TargetAttributes = {
					883E13921F29214300EDB1E7 = {
						CreatedOnToolsVersion = 8.3.3;
						ProvisioningStyle = Automatic;
					};
					883E13A61F29214300EDB1E7 = {
						CreatedOnToolsVersion = 8.3.3;
						ProvisioningStyle = Automatic;
						TestTargetID = 883E13921F29214300EDB1E7;
					};
				};
			};
			buildConfigurationList = 883E138E1F29214300EDB1E7 /* Build configuration list for PBXProject "trakt-involves" */;
			compatibilityVersion = "Xcode 3.2";
			developmentRegion = English;
			hasScannedForEncodings = 0;
			knownRegions = (
				en,
				Base,
			);
			mainGroup = 883E138A1F29214300EDB1E7;
			productRefGroup = 883E13941F29214300EDB1E7 /* Products */;
			projectDirPath = "";
			projectRoot = "";
			targets = (
				883E13921F29214300EDB1E7 /* trakt-involves */,
				883E13A61F29214300EDB1E7 /* trakt-involvesTests */,
			);
		};
/* End PBXProject section */

/* Begin PBXResourcesBuildPhase section */
		883E13911F29214300EDB1E7 /* Resources */ = {
			isa = PBXResourcesBuildPhase;
			buildActionMask = 2147483647;
			files = (
				883E13A11F29214300EDB1E7 /* LaunchScreen.storyboard in Resources */,
				883E139E1F29214300EDB1E7 /* Assets.xcassets in Resources */,
				883E139C1F29214300EDB1E7 /* Main.storyboard in Resources */,
			);
			runOnlyForDeploymentPostprocessing = 0;
		};
		883E13A51F29214300EDB1E7 /* Resources */ = {
			isa = PBXResourcesBuildPhase;
			buildActionMask = 2147483647;
			files = (
			);
			runOnlyForDeploymentPostprocessing = 0;
		};
/* End PBXResourcesBuildPhase section */

/* Begin PBXSourcesBuildPhase section */
		883E138F1F29214300EDB1E7 /* Sources */ = {
			isa = PBXSourcesBuildPhase;
			buildActionMask = 2147483647;
			files = (
				883E13991F29214300EDB1E7 /* ViewController.swift in Sources */,
				883E13971F29214300EDB1E7 /* AppDelegate.swift in Sources */,
			);
			runOnlyForDeploymentPostprocessing = 0;
		};
		883E13A31F29214300EDB1E7 /* Sources */ = {
			isa = PBXSourcesBuildPhase;
			buildActionMask = 2147483647;
			files = (
				883E13AC1F29214300EDB1E7 /* trakt_involvesTests.swift in Sources */,
			);
			runOnlyForDeploymentPostprocessing = 0;
		};
/* End PBXSourcesBuildPhase section */

/* Begin PBXTargetDependency section */
		883E13A91F29214300EDB1E7 /* PBXTargetDependency */ = {
			isa = PBXTargetDependency;
			target = 883E13921F29214300EDB1E7 /* trakt-involves */;
			targetProxy = 883E13A81F29214300EDB1E7 /* PBXContainerItemProxy */;
		};
/* End PBXTargetDependency section */

/* Begin PBXVariantGroup section */
		883E139A1F29214300EDB1E7 /* Main.storyboard */ = {
			isa = PBXVariantGroup;
			children = (
				883E139B1F29214300EDB1E7 /* Base */,
			);
			name = Main.storyboard;
			sourceTree = "<group>";
		};
		883E139F1F29214300EDB1E7 /* LaunchScreen.storyboard */ = {
			isa = PBXVariantGroup;
			children = (
				883E13A01F29214300EDB1E7 /* Base */,
			);
			name = LaunchScreen.storyboard;
			sourceTree = "<group>";
		};
/* End PBXVariantGroup section */

/* Begin XCBuildConfiguration section */
		883E13AE1F29214300EDB1E7 /* Debug */ = {
			isa = XCBuildConfiguration;
			buildSettings = {
				ALWAYS_SEARCH_USER_PATHS = NO;
				CLANG_ANALYZER_NONNULL = YES;
				CLANG_ANALYZER_NUMBER_OBJECT_CONVERSION = YES_AGGRESSIVE;
				CLANG_CXX_LANGUAGE_STANDARD = "gnu++0x";
				CLANG_CXX_LIBRARY = "libc++";
				CLANG_ENABLE_MODULES = YES;
				CLANG_ENABLE_OBJC_ARC = YES;
				CLANG_WARN_BOOL_CONVERSION = YES;
				CLANG_WARN_CONSTANT_CONVERSION = YES;
				CLANG_WARN_DIRECT_OBJC_ISA_USAGE = YES_ERROR;
				CLANG_WARN_DOCUMENTATION_COMMENTS = YES;
				CLANG_WARN_EMPTY_BODY = YES;
				CLANG_WARN_ENUM_CONVERSION = YES;
				CLANG_WARN_INFINITE_RECURSION = YES;
				CLANG_WARN_INT_CONVERSION = YES;
				CLANG_WARN_OBJC_ROOT_CLASS = YES_ERROR;
				CLANG_WARN_SUSPICIOUS_MOVE = YES;
				CLANG_WARN_UNREACHABLE_CODE = YES;
				CLANG_WARN__DUPLICATE_METHOD_MATCH = YES;
				"CODE_SIGN_IDENTITY[sdk=iphoneos*]" = "iPhone Developer";
				COPY_PHASE_STRIP = NO;
				DEBUG_INFORMATION_FORMAT = dwarf;
				ENABLE_STRICT_OBJC_MSGSEND = YES;
				ENABLE_TESTABILITY = YES;
				GCC_C_LANGUAGE_STANDARD = gnu99;
				GCC_DYNAMIC_NO_PIC = NO;
				GCC_NO_COMMON_BLOCKS = YES;
				GCC_OPTIMIZATION_LEVEL = 0;
				GCC_PREPROCESSOR_DEFINITIONS = (
					"DEBUG=1",
					"$(inherited)",
				);
				GCC_WARN_64_TO_32_BIT_CONVERSION = YES;
				GCC_WARN_ABOUT_RETURN_TYPE = YES_ERROR;
				GCC_WARN_UNDECLARED_SELECTOR = YES;
				GCC_WARN_UNINITIALIZED_AUTOS = YES_AGGRESSIVE;
				GCC_WARN_UNUSED_FUNCTION = YES;
				GCC_WARN_UNUSED_VARIABLE = YES;
				IPHONEOS_DEPLOYMENT_TARGET = 10.3;
				MTL_ENABLE_DEBUG_INFO = YES;
				ONLY_ACTIVE_ARCH = YES;
				SDKROOT = iphoneos;
				SWIFT_ACTIVE_COMPILATION_CONDITIONS = DEBUG;
				SWIFT_OPTIMIZATION_LEVEL = "-Onone";
			};
			name = Debug;
		};
		883E13AF1F29214300EDB1E7 /* Release */ = {
			isa = XCBuildConfiguration;
			buildSettings = {
				ALWAYS_SEARCH_USER_PATHS = NO;
				CLANG_ANALYZER_NONNULL = YES;
				CLANG_ANALYZER_NUMBER_OBJECT_CONVERSION = YES_AGGRESSIVE;
				CLANG_CXX_LANGUAGE_STANDARD = "gnu++0x";
				CLANG_CXX_LIBRARY = "libc++";
				CLANG_ENABLE_MODULES = YES;
				CLANG_ENABLE_OBJC_ARC = YES;
				CLANG_WARN_BOOL_CONVERSION = YES;
				CLANG_WARN_CONSTANT_CONVERSION = YES;
				CLANG_WARN_DIRECT_OBJC_ISA_USAGE = YES_ERROR;
				CLANG_WARN_DOCUMENTATION_COMMENTS = YES;
				CLANG_WARN_EMPTY_BODY = YES;
				CLANG_WARN_ENUM_CONVERSION = YES;
				CLANG_WARN_INFINITE_RECURSION = YES;
				CLANG_WARN_INT_CONVERSION = YES;
				CLANG_WARN_OBJC_ROOT_CLASS = YES_ERROR;
				CLANG_WARN_SUSPICIOUS_MOVE = YES;
				CLANG_WARN_UNREACHABLE_CODE = YES;
				CLANG_WARN__DUPLICATE_METHOD_MATCH = YES;
				"CODE_SIGN_IDENTITY[sdk=iphoneos*]" = "iPhone Developer";
				COPY_PHASE_STRIP = NO;
				DEBUG_INFORMATION_FORMAT = "dwarf-with-dsym";
				ENABLE_NS_ASSERTIONS = NO;
				ENABLE_STRICT_OBJC_MSGSEND = YES;
				GCC_C_LANGUAGE_STANDARD = gnu99;
				GCC_NO_COMMON_BLOCKS = YES;
				GCC_WARN_64_TO_32_BIT_CONVERSION = YES;
				GCC_WARN_ABOUT_RETURN_TYPE = YES_ERROR;
				GCC_WARN_UNDECLARED_SELECTOR = YES;
				GCC_WARN_UNINITIALIZED_AUTOS = YES_AGGRESSIVE;
				GCC_WARN_UNUSED_FUNCTION = YES;
				GCC_WARN_UNUSED_VARIABLE = YES;
				IPHONEOS_DEPLOYMENT_TARGET = 10.3;
				MTL_ENABLE_DEBUG_INFO = NO;
				SDKROOT = iphoneos;
				SWIFT_OPTIMIZATION_LEVEL = "-Owholemodule";
				VALIDATE_PRODUCT = YES;
			};
			name = Release;
		};
		883E13B11F29214300EDB1E7 /* Debug */ = {
			isa = XCBuildConfiguration;
			buildSettings = {
				ASSETCATALOG_COMPILER_APPICON_NAME = AppIcon;
				INFOPLIST_FILE = "trakt-involves/Info.plist";
				LD_RUNPATH_SEARCH_PATHS = "$(inherited) @executable_path/Frameworks";
				PRODUCT_BUNDLE_IDENTIFIER = "tv.trakt.trakt-involves";
				PRODUCT_NAME = "$(TARGET_NAME)";
				SWIFT_VERSION = 3.0;
			};
			name = Debug;
		};
		883E13B21F29214300EDB1E7 /* Release */ = {
			isa = XCBuildConfiguration;
			buildSettings = {
				ASSETCATALOG_COMPILER_APPICON_NAME = AppIcon;
				INFOPLIST_FILE = "trakt-involves/Info.plist";
				LD_RUNPATH_SEARCH_PATHS = "$(inherited) @executable_path/Frameworks";
				PRODUCT_BUNDLE_IDENTIFIER = "tv.trakt.trakt-involves";
				PRODUCT_NAME = "$(TARGET_NAME)";
				SWIFT_VERSION = 3.0;
			};
			name = Release;
		};
		883E13B41F29214300EDB1E7 /* Debug */ = {
			isa = XCBuildConfiguration;
			buildSettings = {
				ALWAYS_EMBED_SWIFT_STANDARD_LIBRARIES = YES;
				BUNDLE_LOADER = "$(TEST_HOST)";
				INFOPLIST_FILE = "trakt-involvesTests/Info.plist";
				LD_RUNPATH_SEARCH_PATHS = "$(inherited) @executable_path/Frameworks @loader_path/Frameworks";
				PRODUCT_BUNDLE_IDENTIFIER = "tv.trakt.trakt-involvesTests";
				PRODUCT_NAME = "$(TARGET_NAME)";
				SWIFT_VERSION = 3.0;
				TEST_HOST = "$(BUILT_PRODUCTS_DIR)/trakt-involves.app/trakt-involves";
			};
			name = Debug;
		};
		883E13B51F29214300EDB1E7 /* Release */ = {
			isa = XCBuildConfiguration;
			buildSettings = {
				ALWAYS_EMBED_SWIFT_STANDARD_LIBRARIES = YES;
				BUNDLE_LOADER = "$(TEST_HOST)";
				INFOPLIST_FILE = "trakt-involvesTests/Info.plist";
				LD_RUNPATH_SEARCH_PATHS = "$(inherited) @executable_path/Frameworks @loader_path/Frameworks";
				PRODUCT_BUNDLE_IDENTIFIER = "tv.trakt.trakt-involvesTests";
				PRODUCT_NAME = "$(TARGET_NAME)";
				SWIFT_VERSION = 3.0;
				TEST_HOST = "$(BUILT_PRODUCTS_DIR)/trakt-involves.app/trakt-involves";
			};
			name = Release;
		};
/* End XCBuildConfiguration section */

/* Begin XCConfigurationList section */
		883E138E1F29214300EDB1E7 /* Build configuration list for PBXProject "trakt-involves" */ = {
			isa = XCConfigurationList;
			buildConfigurations = (
				883E13AE1F29214300EDB1E7 /* Debug */,
				883E13AF1F29214300EDB1E7 /* Release */,
			);
			defaultConfigurationIsVisible = 0;
			defaultConfigurationName = Release;
		};
		883E13B01F29214300EDB1E7 /* Build configuration list for PBXNativeTarget "trakt-involves" */ = {
			isa = XCConfigurationList;
			buildConfigurations = (
				883E13B11F29214300EDB1E7 /* Debug */,
				883E13B21F29214300EDB1E7 /* Release */,
			);
			defaultConfigurationIsVisible = 0;
		};
		883E13B31F29214300EDB1E7 /* Build configuration list for PBXNativeTarget "trakt-involvesTests" */ = {
			isa = XCConfigurationList;
			buildConfigurations = (
				883E13B41F29214300EDB1E7 /* Debug */,
				883E13B51F29214300EDB1E7 /* Release */,
			);
			defaultConfigurationIsVisible = 0;
		};
/* End XCConfigurationList section */
	};
	rootObject = 883E138B1F29214300EDB1E7 /* Project object */;
}
