// !$*UTF8*$!
{
	archiveVersion = 1;
	classes = {
	};
	objectVersion = 46;
	objects = {

/* Begin PBXBuildFile section */
		883E13971F29214300EDB1E7 /* AppDelegate.swift in Sources */ = {isa = PBXBuildFile; fileRef = 883E13961F29214300EDB1E7 /* AppDelegate.swift */; };
		883E13AC1F29214300EDB1E7 /* trakt_involvesTests.swift in Sources */ = {isa = PBXBuildFile; fileRef = 883E13AB1F29214300EDB1E7 /* trakt_involvesTests.swift */; };
		883E13C81F2928DB00EDB1E7 /* UIApplication+TopViewController.swift in Sources */ = {isa = PBXBuildFile; fileRef = 883E13BA1F2928DA00EDB1E7 /* UIApplication+TopViewController.swift */; };
		883E13CA1F2928DB00EDB1E7 /* UIViewController+Additions.swift in Sources */ = {isa = PBXBuildFile; fileRef = 883E13BC1F2928DA00EDB1E7 /* UIViewController+Additions.swift */; };
		883E13CB1F2928DB00EDB1E7 /* URLRequest+Additions.swift in Sources */ = {isa = PBXBuildFile; fileRef = 883E13BD1F2928DA00EDB1E7 /* URLRequest+Additions.swift */; };
		883E13CD1F2928DB00EDB1E7 /* ViewProtocols.swift in Sources */ = {isa = PBXBuildFile; fileRef = 883E13C11F2928DA00EDB1E7 /* ViewProtocols.swift */; };
		883E13CE1F2928DB00EDB1E7 /* Assets.xcassets in Resources */ = {isa = PBXBuildFile; fileRef = 883E13C31F2928DA00EDB1E7 /* Assets.xcassets */; };
		883E13CF1F2928DB00EDB1E7 /* LaunchScreen.storyboard in Resources */ = {isa = PBXBuildFile; fileRef = 883E13C41F2928DA00EDB1E7 /* LaunchScreen.storyboard */; };
		883E13D51F2938DC00EDB1E7 /* RootContract.swift in Sources */ = {isa = PBXBuildFile; fileRef = 883E13D21F2938DC00EDB1E7 /* RootContract.swift */; };
		883E13D61F2938DC00EDB1E7 /* RootPresenter.swift in Sources */ = {isa = PBXBuildFile; fileRef = 883E13D31F2938DC00EDB1E7 /* RootPresenter.swift */; };
		883E13D71F2938DC00EDB1E7 /* RootRouter.swift in Sources */ = {isa = PBXBuildFile; fileRef = 883E13D41F2938DC00EDB1E7 /* RootRouter.swift */; };
		883E13E01F293CA100EDB1E7 /* MainContract.swift in Sources */ = {isa = PBXBuildFile; fileRef = 883E13DB1F293CA100EDB1E7 /* MainContract.swift */; };
		883E13E11F293CA100EDB1E7 /* MainInteractor.swift in Sources */ = {isa = PBXBuildFile; fileRef = 883E13DC1F293CA100EDB1E7 /* MainInteractor.swift */; };
		883E13E21F293CA100EDB1E7 /* MainPresenter.swift in Sources */ = {isa = PBXBuildFile; fileRef = 883E13DD1F293CA100EDB1E7 /* MainPresenter.swift */; };
		883E13E31F293CA100EDB1E7 /* MainRouter.swift in Sources */ = {isa = PBXBuildFile; fileRef = 883E13DE1F293CA100EDB1E7 /* MainRouter.swift */; };
		883E13E41F293CA100EDB1E7 /* MainTabBarController.swift in Sources */ = {isa = PBXBuildFile; fileRef = 883E13DF1F293CA100EDB1E7 /* MainTabBarController.swift */; };
		883E13E71F29400E00EDB1E7 /* AuthManager.swift in Sources */ = {isa = PBXBuildFile; fileRef = 883E13E61F29400E00EDB1E7 /* AuthManager.swift */; };
		883E13F21F2941D500EDB1E7 /* API.swift in Sources */ = {isa = PBXBuildFile; fileRef = 883E13ED1F2941D500EDB1E7 /* API.swift */; };
		883E13F31F2941D500EDB1E7 /* Authentication.swift in Sources */ = {isa = PBXBuildFile; fileRef = 883E13EE1F2941D500EDB1E7 /* Authentication.swift */; };
		883E13F41F2941D500EDB1E7 /* Endpoint.swift in Sources */ = {isa = PBXBuildFile; fileRef = 883E13F01F2941D500EDB1E7 /* Endpoint.swift */; };
		883E13F51F2941D500EDB1E7 /* Endpoints.swift in Sources */ = {isa = PBXBuildFile; fileRef = 883E13F11F2941D500EDB1E7 /* Endpoints.swift */; };
		883E13FC1F294A3700EDB1E7 /* MyTvSeriesContract.swift in Sources */ = {isa = PBXBuildFile; fileRef = 883E13F71F294A3700EDB1E7 /* MyTvSeriesContract.swift */; };
		883E13FD1F294A3700EDB1E7 /* MyTvSeriesInteractor.swift in Sources */ = {isa = PBXBuildFile; fileRef = 883E13F81F294A3700EDB1E7 /* MyTvSeriesInteractor.swift */; };
		883E13FE1F294A3700EDB1E7 /* MyTvSeriesPresenter.swift in Sources */ = {isa = PBXBuildFile; fileRef = 883E13F91F294A3700EDB1E7 /* MyTvSeriesPresenter.swift */; };
		883E13FF1F294A3700EDB1E7 /* MyTvSeriesRouter.swift in Sources */ = {isa = PBXBuildFile; fileRef = 883E13FA1F294A3700EDB1E7 /* MyTvSeriesRouter.swift */; };
		883E14001F294A3700EDB1E7 /* MyTvSeriesViewController.swift in Sources */ = {isa = PBXBuildFile; fileRef = 883E13FB1F294A3700EDB1E7 /* MyTvSeriesViewController.swift */; };
		883E14031F294B9D00EDB1E7 /* MyTvSeries.storyboard in Resources */ = {isa = PBXBuildFile; fileRef = 883E14021F294B9D00EDB1E7 /* MyTvSeries.storyboard */; };
		883E14061F294DCD00EDB1E7 /* R.generated.swift in Sources */ = {isa = PBXBuildFile; fileRef = 883E14051F294DCD00EDB1E7 /* R.generated.swift */; };
		883E14091F29506F00EDB1E7 /* AuthenticationAPI.swift in Sources */ = {isa = PBXBuildFile; fileRef = 883E14081F29506F00EDB1E7 /* AuthenticationAPI.swift */; };
		B6C6133B0873A7C470958499 /* Pods_trakt_involvesTests.framework in Frameworks */ = {isa = PBXBuildFile; fileRef = 687886927EF946ADAF6DE8FC /* Pods_trakt_involvesTests.framework */; };
		E90FFB0DEEC0168D4FB59CE2 /* Pods_trakt_involves.framework in Frameworks */ = {isa = PBXBuildFile; fileRef = B3796057FC8C8B94ED0A189E /* Pods_trakt_involves.framework */; };
/* End PBXBuildFile section */

/* Begin PBXContainerItemProxy section */
		883E13A81F29214300EDB1E7 /* PBXContainerItemProxy */ = {
			isa = PBXContainerItemProxy;
			containerPortal = 883E138B1F29214300EDB1E7 /* Project object */;
			proxyType = 1;
			remoteGlobalIDString = 883E13921F29214300EDB1E7;
			remoteInfo = "trakt-involves";
		};
/* End PBXContainerItemProxy section */

/* Begin PBXFileReference section */
		189C15D7935EB00B70DB2E7E /* Pods-trakt-involves.release.xcconfig */ = {isa = PBXFileReference; includeInIndex = 1; lastKnownFileType = text.xcconfig; name = "Pods-trakt-involves.release.xcconfig"; path = "Pods/Target Support Files/Pods-trakt-involves/Pods-trakt-involves.release.xcconfig"; sourceTree = "<group>"; };
		687886927EF946ADAF6DE8FC /* Pods_trakt_involvesTests.framework */ = {isa = PBXFileReference; explicitFileType = wrapper.framework; includeInIndex = 0; path = Pods_trakt_involvesTests.framework; sourceTree = BUILT_PRODUCTS_DIR; };
		6E43836C82B332CF069CF107 /* Pods-trakt-involvesTests.debug.xcconfig */ = {isa = PBXFileReference; includeInIndex = 1; lastKnownFileType = text.xcconfig; name = "Pods-trakt-involvesTests.debug.xcconfig"; path = "Pods/Target Support Files/Pods-trakt-involvesTests/Pods-trakt-involvesTests.debug.xcconfig"; sourceTree = "<group>"; };
		77DA78CA39210FEA18142E57 /* Pods-trakt-involves.debug.xcconfig */ = {isa = PBXFileReference; includeInIndex = 1; lastKnownFileType = text.xcconfig; name = "Pods-trakt-involves.debug.xcconfig"; path = "Pods/Target Support Files/Pods-trakt-involves/Pods-trakt-involves.debug.xcconfig"; sourceTree = "<group>"; };
		883E13931F29214300EDB1E7 /* trakt-involves.app */ = {isa = PBXFileReference; explicitFileType = wrapper.application; includeInIndex = 0; path = "trakt-involves.app"; sourceTree = BUILT_PRODUCTS_DIR; };
		883E13961F29214300EDB1E7 /* AppDelegate.swift */ = {isa = PBXFileReference; lastKnownFileType = sourcecode.swift; path = AppDelegate.swift; sourceTree = "<group>"; };
		883E13A71F29214300EDB1E7 /* trakt-involvesTests.xctest */ = {isa = PBXFileReference; explicitFileType = wrapper.cfbundle; includeInIndex = 0; path = "trakt-involvesTests.xctest"; sourceTree = BUILT_PRODUCTS_DIR; };
		883E13AB1F29214300EDB1E7 /* trakt_involvesTests.swift */ = {isa = PBXFileReference; lastKnownFileType = sourcecode.swift; path = trakt_involvesTests.swift; sourceTree = "<group>"; };
		883E13AD1F29214300EDB1E7 /* Info.plist */ = {isa = PBXFileReference; lastKnownFileType = text.plist.xml; path = Info.plist; sourceTree = "<group>"; };
		883E13BA1F2928DA00EDB1E7 /* UIApplication+TopViewController.swift */ = {isa = PBXFileReference; fileEncoding = 4; lastKnownFileType = sourcecode.swift; path = "UIApplication+TopViewController.swift"; sourceTree = "<group>"; };
		883E13BC1F2928DA00EDB1E7 /* UIViewController+Additions.swift */ = {isa = PBXFileReference; fileEncoding = 4; lastKnownFileType = sourcecode.swift; path = "UIViewController+Additions.swift"; sourceTree = "<group>"; };
		883E13BD1F2928DA00EDB1E7 /* URLRequest+Additions.swift */ = {isa = PBXFileReference; fileEncoding = 4; lastKnownFileType = sourcecode.swift; path = "URLRequest+Additions.swift"; sourceTree = "<group>"; };
		883E13C11F2928DA00EDB1E7 /* ViewProtocols.swift */ = {isa = PBXFileReference; fileEncoding = 4; lastKnownFileType = sourcecode.swift; path = ViewProtocols.swift; sourceTree = "<group>"; };
		883E13C31F2928DA00EDB1E7 /* Assets.xcassets */ = {isa = PBXFileReference; lastKnownFileType = folder.assetcatalog; path = Assets.xcassets; sourceTree = "<group>"; };
		883E13C51F2928DA00EDB1E7 /* Base */ = {isa = PBXFileReference; lastKnownFileType = file.storyboard; name = Base; path = Base.lproj/LaunchScreen.storyboard; sourceTree = "<group>"; };
		883E13C61F2928DA00EDB1E7 /* Info.plist */ = {isa = PBXFileReference; fileEncoding = 4; lastKnownFileType = text.plist.xml; path = Info.plist; sourceTree = "<group>"; };
		883E13D21F2938DC00EDB1E7 /* RootContract.swift */ = {isa = PBXFileReference; fileEncoding = 4; lastKnownFileType = sourcecode.swift; path = RootContract.swift; sourceTree = "<group>"; };
		883E13D31F2938DC00EDB1E7 /* RootPresenter.swift */ = {isa = PBXFileReference; fileEncoding = 4; lastKnownFileType = sourcecode.swift; path = RootPresenter.swift; sourceTree = "<group>"; };
		883E13D41F2938DC00EDB1E7 /* RootRouter.swift */ = {isa = PBXFileReference; fileEncoding = 4; lastKnownFileType = sourcecode.swift; path = RootRouter.swift; sourceTree = "<group>"; };
		883E13D81F293A8F00EDB1E7 /* UIKit.framework */ = {isa = PBXFileReference; lastKnownFileType = wrapper.framework; name = UIKit.framework; path = System/Library/Frameworks/UIKit.framework; sourceTree = SDKROOT; };
		883E13DB1F293CA100EDB1E7 /* MainContract.swift */ = {isa = PBXFileReference; fileEncoding = 4; lastKnownFileType = sourcecode.swift; path = MainContract.swift; sourceTree = "<group>"; };
		883E13DC1F293CA100EDB1E7 /* MainInteractor.swift */ = {isa = PBXFileReference; fileEncoding = 4; lastKnownFileType = sourcecode.swift; path = MainInteractor.swift; sourceTree = "<group>"; };
		883E13DD1F293CA100EDB1E7 /* MainPresenter.swift */ = {isa = PBXFileReference; fileEncoding = 4; lastKnownFileType = sourcecode.swift; path = MainPresenter.swift; sourceTree = "<group>"; };
		883E13DE1F293CA100EDB1E7 /* MainRouter.swift */ = {isa = PBXFileReference; fileEncoding = 4; lastKnownFileType = sourcecode.swift; path = MainRouter.swift; sourceTree = "<group>"; };
		883E13DF1F293CA100EDB1E7 /* MainTabBarController.swift */ = {isa = PBXFileReference; fileEncoding = 4; lastKnownFileType = sourcecode.swift; path = MainTabBarController.swift; sourceTree = "<group>"; };
		883E13E61F29400E00EDB1E7 /* AuthManager.swift */ = {isa = PBXFileReference; fileEncoding = 4; lastKnownFileType = sourcecode.swift; name = AuthManager.swift; path = "trakt-involves/Managers/AuthManager.swift"; sourceTree = SOURCE_ROOT; };
		883E13ED1F2941D500EDB1E7 /* API.swift */ = {isa = PBXFileReference; fileEncoding = 4; lastKnownFileType = sourcecode.swift; path = API.swift; sourceTree = "<group>"; };
		883E13EE1F2941D500EDB1E7 /* Authentication.swift */ = {isa = PBXFileReference; fileEncoding = 4; lastKnownFileType = sourcecode.swift; path = Authentication.swift; sourceTree = "<group>"; };
		883E13F01F2941D500EDB1E7 /* Endpoint.swift */ = {isa = PBXFileReference; fileEncoding = 4; lastKnownFileType = sourcecode.swift; path = Endpoint.swift; sourceTree = "<group>"; };
		883E13F11F2941D500EDB1E7 /* Endpoints.swift */ = {isa = PBXFileReference; fileEncoding = 4; lastKnownFileType = sourcecode.swift; path = Endpoints.swift; sourceTree = "<group>"; };
		883E13F71F294A3700EDB1E7 /* MyTvSeriesContract.swift */ = {isa = PBXFileReference; fileEncoding = 4; lastKnownFileType = sourcecode.swift; name = MyTvSeriesContract.swift; path = MyTvSeries/MyTvSeriesContract.swift; sourceTree = "<group>"; };
		883E13F81F294A3700EDB1E7 /* MyTvSeriesInteractor.swift */ = {isa = PBXFileReference; fileEncoding = 4; lastKnownFileType = sourcecode.swift; name = MyTvSeriesInteractor.swift; path = MyTvSeries/MyTvSeriesInteractor.swift; sourceTree = "<group>"; };
		883E13F91F294A3700EDB1E7 /* MyTvSeriesPresenter.swift */ = {isa = PBXFileReference; fileEncoding = 4; lastKnownFileType = sourcecode.swift; name = MyTvSeriesPresenter.swift; path = MyTvSeries/MyTvSeriesPresenter.swift; sourceTree = "<group>"; };
		883E13FA1F294A3700EDB1E7 /* MyTvSeriesRouter.swift */ = {isa = PBXFileReference; fileEncoding = 4; lastKnownFileType = sourcecode.swift; name = MyTvSeriesRouter.swift; path = MyTvSeries/MyTvSeriesRouter.swift; sourceTree = "<group>"; };
		883E13FB1F294A3700EDB1E7 /* MyTvSeriesViewController.swift */ = {isa = PBXFileReference; fileEncoding = 4; lastKnownFileType = sourcecode.swift; name = MyTvSeriesViewController.swift; path = MyTvSeries/MyTvSeriesViewController.swift; sourceTree = "<group>"; };
		883E14021F294B9D00EDB1E7 /* MyTvSeries.storyboard */ = {isa = PBXFileReference; fileEncoding = 4; lastKnownFileType = file.storyboard; name = MyTvSeries.storyboard; path = MyTvSeries/View/MyTvSeries.storyboard; sourceTree = "<group>"; };
		883E14051F294DCD00EDB1E7 /* R.generated.swift */ = {isa = PBXFileReference; fileEncoding = 4; lastKnownFileType = sourcecode.swift; path = R.generated.swift; sourceTree = "<group>"; };
		883E14081F29506F00EDB1E7 /* AuthenticationAPI.swift */ = {isa = PBXFileReference; fileEncoding = 4; lastKnownFileType = sourcecode.swift; path = AuthenticationAPI.swift; sourceTree = "<group>"; };
		B3796057FC8C8B94ED0A189E /* Pods_trakt_involves.framework */ = {isa = PBXFileReference; explicitFileType = wrapper.framework; includeInIndex = 0; path = Pods_trakt_involves.framework; sourceTree = BUILT_PRODUCTS_DIR; };
		B50B222126AD33C89E9AF560 /* Pods-trakt-involvesTests.release.xcconfig */ = {isa = PBXFileReference; includeInIndex = 1; lastKnownFileType = text.xcconfig; name = "Pods-trakt-involvesTests.release.xcconfig"; path = "Pods/Target Support Files/Pods-trakt-involvesTests/Pods-trakt-involvesTests.release.xcconfig"; sourceTree = "<group>"; };
/* End PBXFileReference section */

/* Begin PBXFrameworksBuildPhase section */
		883E13901F29214300EDB1E7 /* Frameworks */ = {
			isa = PBXFrameworksBuildPhase;
			buildActionMask = 2147483647;
			files = (
				E90FFB0DEEC0168D4FB59CE2 /* Pods_trakt_involves.framework in Frameworks */,
			);
			runOnlyForDeploymentPostprocessing = 0;
		};
		883E13A41F29214300EDB1E7 /* Frameworks */ = {
			isa = PBXFrameworksBuildPhase;
			buildActionMask = 2147483647;
			files = (
				B6C6133B0873A7C470958499 /* Pods_trakt_involvesTests.framework in Frameworks */,
			);
			runOnlyForDeploymentPostprocessing = 0;
		};
/* End PBXFrameworksBuildPhase section */

/* Begin PBXGroup section */
		4DB0F55897189E7ED756C9A0 /* Frameworks */ = {
			isa = PBXGroup;
			children = (
				883E13D81F293A8F00EDB1E7 /* UIKit.framework */,
				B3796057FC8C8B94ED0A189E /* Pods_trakt_involves.framework */,
				687886927EF946ADAF6DE8FC /* Pods_trakt_involvesTests.framework */,
			);
			name = Frameworks;
			sourceTree = "<group>";
		};
		756E1410A2BF8AD900E98367 /* Pods */ = {
			isa = PBXGroup;
			children = (
				77DA78CA39210FEA18142E57 /* Pods-trakt-involves.debug.xcconfig */,
				189C15D7935EB00B70DB2E7E /* Pods-trakt-involves.release.xcconfig */,
				6E43836C82B332CF069CF107 /* Pods-trakt-involvesTests.debug.xcconfig */,
				B50B222126AD33C89E9AF560 /* Pods-trakt-involvesTests.release.xcconfig */,
			);
			name = Pods;
			sourceTree = "<group>";
		};
		883E138A1F29214300EDB1E7 = {
			isa = PBXGroup;
			children = (
				883E13951F29214300EDB1E7 /* trakt-involves */,
				883E13AA1F29214300EDB1E7 /* trakt-involvesTests */,
				883E13941F29214300EDB1E7 /* Products */,
				756E1410A2BF8AD900E98367 /* Pods */,
				4DB0F55897189E7ED756C9A0 /* Frameworks */,
			);
			sourceTree = "<group>";
		};
		883E13941F29214300EDB1E7 /* Products */ = {
			isa = PBXGroup;
			children = (
				883E13931F29214300EDB1E7 /* trakt-involves.app */,
				883E13A71F29214300EDB1E7 /* trakt-involvesTests.xctest */,
			);
			name = Products;
			sourceTree = "<group>";
		};
		883E13951F29214300EDB1E7 /* trakt-involves */ = {
			isa = PBXGroup;
			children = (
				883E13961F29214300EDB1E7 /* AppDelegate.swift */,
				883E13BE1F2928DA00EDB1E7 /* Modules */,
				883E13E51F293FDA00EDB1E7 /* Managers */,
				883E13B81F2928DA00EDB1E7 /* Enums */,
				883E13B91F2928DA00EDB1E7 /* Extensions */,
				883E13C01F2928DA00EDB1E7 /* Protocols */,
				883E13EB1F2941D500EDB1E7 /* Services */,
				883E13C21F2928DA00EDB1E7 /* Resources */,
			);
			path = "trakt-involves";
			sourceTree = "<group>";
		};
		883E13AA1F29214300EDB1E7 /* trakt-involvesTests */ = {
			isa = PBXGroup;
			children = (
				883E13AB1F29214300EDB1E7 /* trakt_involvesTests.swift */,
				883E13AD1F29214300EDB1E7 /* Info.plist */,
			);
			path = "trakt-involvesTests";
			sourceTree = "<group>";
		};
		883E13B81F2928DA00EDB1E7 /* Enums */ = {
			isa = PBXGroup;
			children = (
			);
			path = Enums;
			sourceTree = "<group>";
		};
		883E13B91F2928DA00EDB1E7 /* Extensions */ = {
			isa = PBXGroup;
			children = (
				883E13BA1F2928DA00EDB1E7 /* UIApplication+TopViewController.swift */,
				883E13BC1F2928DA00EDB1E7 /* UIViewController+Additions.swift */,
				883E13BD1F2928DA00EDB1E7 /* URLRequest+Additions.swift */,
			);
			path = Extensions;
			sourceTree = "<group>";
		};
		883E13BE1F2928DA00EDB1E7 /* Modules */ = {
			isa = PBXGroup;
			children = (
				883E13F61F29490200EDB1E7 /* MyTvSeries */,
				883E13DA1F293CA100EDB1E7 /* Main */,
				883E13D11F2938DC00EDB1E7 /* Root */,
			);
			path = Modules;
			sourceTree = "<group>";
		};
		883E13C01F2928DA00EDB1E7 /* Protocols */ = {
			isa = PBXGroup;
			children = (
				883E13C11F2928DA00EDB1E7 /* ViewProtocols.swift */,
			);
			path = Protocols;
			sourceTree = "<group>";
		};
		883E13C21F2928DA00EDB1E7 /* Resources */ = {
			isa = PBXGroup;
			children = (
				883E13C31F2928DA00EDB1E7 /* Assets.xcassets */,
				883E13C41F2928DA00EDB1E7 /* LaunchScreen.storyboard */,
				883E13C61F2928DA00EDB1E7 /* Info.plist */,
				883E14051F294DCD00EDB1E7 /* R.generated.swift */,
				883E13C71F2928DB00EDB1E7 /* Localization */,
			);
			path = Resources;
			sourceTree = "<group>";
		};
		883E13C71F2928DB00EDB1E7 /* Localization */ = {
			isa = PBXGroup;
			children = (
			);
			path = Localization;
			sourceTree = "<group>";
		};
		883E13D11F2938DC00EDB1E7 /* Root */ = {
			isa = PBXGroup;
			children = (
				883E13D21F2938DC00EDB1E7 /* RootContract.swift */,
				883E13D31F2938DC00EDB1E7 /* RootPresenter.swift */,
				883E13D41F2938DC00EDB1E7 /* RootRouter.swift */,
			);
			path = Root;
			sourceTree = "<group>";
		};
		883E13DA1F293CA100EDB1E7 /* Main */ = {
			isa = PBXGroup;
			children = (
				883E13DB1F293CA100EDB1E7 /* MainContract.swift */,
				883E13DC1F293CA100EDB1E7 /* MainInteractor.swift */,
				883E13DD1F293CA100EDB1E7 /* MainPresenter.swift */,
				883E13DE1F293CA100EDB1E7 /* MainRouter.swift */,
				883E13DF1F293CA100EDB1E7 /* MainTabBarController.swift */,
			);
			path = Main;
			sourceTree = "<group>";
		};
		883E13E51F293FDA00EDB1E7 /* Managers */ = {
			isa = PBXGroup;
			children = (
				883E13E61F29400E00EDB1E7 /* AuthManager.swift */,
			);
			name = Managers;
			path = Modules;
			sourceTree = "<group>";
		};
		883E13EB1F2941D500EDB1E7 /* Services */ = {
			isa = PBXGroup;
			children = (
				883E13EC1F2941D500EDB1E7 /* API */,
				883E13EF1F2941D500EDB1E7 /* Endpoints */,
			);
			path = Services;
			sourceTree = "<group>";
		};
		883E13EC1F2941D500EDB1E7 /* API */ = {
			isa = PBXGroup;
			children = (
				883E13ED1F2941D500EDB1E7 /* API.swift */,
				883E13EE1F2941D500EDB1E7 /* Authentication.swift */,
				883E14081F29506F00EDB1E7 /* AuthenticationAPI.swift */,
			);
			path = API;
			sourceTree = "<group>";
		};
		883E13EF1F2941D500EDB1E7 /* Endpoints */ = {
			isa = PBXGroup;
			children = (
				883E13F01F2941D500EDB1E7 /* Endpoint.swift */,
				883E13F11F2941D500EDB1E7 /* Endpoints.swift */,
			);
			path = Endpoints;
			sourceTree = "<group>";
		};
		883E13F61F29490200EDB1E7 /* MyTvSeries */ = {
			isa = PBXGroup;
			children = (
				883E13F71F294A3700EDB1E7 /* MyTvSeriesContract.swift */,
				883E13F81F294A3700EDB1E7 /* MyTvSeriesInteractor.swift */,
				883E13F91F294A3700EDB1E7 /* MyTvSeriesPresenter.swift */,
				883E13FA1F294A3700EDB1E7 /* MyTvSeriesRouter.swift */,
				883E13FB1F294A3700EDB1E7 /* MyTvSeriesViewController.swift */,
				883E14011F294B7700EDB1E7 /* View */,
			);
			name = MyTvSeries;
			sourceTree = "<group>";
		};
		883E14011F294B7700EDB1E7 /* View */ = {
			isa = PBXGroup;
			children = (
				883E14021F294B9D00EDB1E7 /* MyTvSeries.storyboard */,
			);
			name = View;
			sourceTree = "<group>";
		};
/* End PBXGroup section */

/* Begin PBXNativeTarget section */
		883E13921F29214300EDB1E7 /* trakt-involves */ = {
			isa = PBXNativeTarget;
			buildConfigurationList = 883E13B01F29214300EDB1E7 /* Build configuration list for PBXNativeTarget "trakt-involves" */;
			buildPhases = (
				2971FE678A9E0ADD9BECDF39 /* [CP] Check Pods Manifest.lock */,
				883E14041F294BB000EDB1E7 /* R Swift */,
				883E138F1F29214300EDB1E7 /* Sources */,
				883E13901F29214300EDB1E7 /* Frameworks */,
				883E13911F29214300EDB1E7 /* Resources */,
				70D064E7EC3C2FECCC5EE2F6 /* [CP] Embed Pods Frameworks */,
				4156A3D2EB7F7A8BBC153205 /* [CP] Copy Pods Resources */,
			);
			buildRules = (
			);
			dependencies = (
			);
			name = "trakt-involves";
			productName = "trakt-involves";
			productReference = 883E13931F29214300EDB1E7 /* trakt-involves.app */;
			productType = "com.apple.product-type.application";
		};
		883E13A61F29214300EDB1E7 /* trakt-involvesTests */ = {
			isa = PBXNativeTarget;
			buildConfigurationList = 883E13B31F29214300EDB1E7 /* Build configuration list for PBXNativeTarget "trakt-involvesTests" */;
			buildPhases = (
				7DA56603FB9CCDC4559C963B /* [CP] Check Pods Manifest.lock */,
				883E13A31F29214300EDB1E7 /* Sources */,
				883E13A41F29214300EDB1E7 /* Frameworks */,
				883E13A51F29214300EDB1E7 /* Resources */,
				70450408144651BAECFF70A0 /* [CP] Embed Pods Frameworks */,
				D53F17738C0F3E391F2811C3 /* [CP] Copy Pods Resources */,
			);
			buildRules = (
			);
			dependencies = (
				883E13A91F29214300EDB1E7 /* PBXTargetDependency */,
			);
			name = "trakt-involvesTests";
			productName = "trakt-involvesTests";
			productReference = 883E13A71F29214300EDB1E7 /* trakt-involvesTests.xctest */;
			productType = "com.apple.product-type.bundle.unit-test";
		};
/* End PBXNativeTarget section */

/* Begin PBXProject section */
		883E138B1F29214300EDB1E7 /* Project object */ = {
			isa = PBXProject;
			attributes = {
				LastSwiftUpdateCheck = 0830;
				LastUpgradeCheck = 0830;
				ORGANIZATIONNAME = "Flavio Kruger Bittencourt";
				TargetAttributes = {
					883E13921F29214300EDB1E7 = {
						CreatedOnToolsVersion = 8.3.3;
						ProvisioningStyle = Automatic;
					};
					883E13A61F29214300EDB1E7 = {
						CreatedOnToolsVersion = 8.3.3;
						ProvisioningStyle = Automatic;
						TestTargetID = 883E13921F29214300EDB1E7;
					};
				};
			};
			buildConfigurationList = 883E138E1F29214300EDB1E7 /* Build configuration list for PBXProject "trakt-involves" */;
			compatibilityVersion = "Xcode 3.2";
			developmentRegion = English;
			hasScannedForEncodings = 0;
			knownRegions = (
				en,
				Base,
			);
			mainGroup = 883E138A1F29214300EDB1E7;
			productRefGroup = 883E13941F29214300EDB1E7 /* Products */;
			projectDirPath = "";
			projectRoot = "";
			targets = (
				883E13921F29214300EDB1E7 /* trakt-involves */,
				883E13A61F29214300EDB1E7 /* trakt-involvesTests */,
			);
		};
/* End PBXProject section */

/* Begin PBXResourcesBuildPhase section */
		883E13911F29214300EDB1E7 /* Resources */ = {
			isa = PBXResourcesBuildPhase;
			buildActionMask = 2147483647;
			files = (
				883E13CE1F2928DB00EDB1E7 /* Assets.xcassets in Resources */,
				883E13CF1F2928DB00EDB1E7 /* LaunchScreen.storyboard in Resources */,
				883E14031F294B9D00EDB1E7 /* MyTvSeries.storyboard in Resources */,
			);
			runOnlyForDeploymentPostprocessing = 0;
		};
		883E13A51F29214300EDB1E7 /* Resources */ = {
			isa = PBXResourcesBuildPhase;
			buildActionMask = 2147483647;
			files = (
			);
			runOnlyForDeploymentPostprocessing = 0;
		};
/* End PBXResourcesBuildPhase section */

/* Begin PBXShellScriptBuildPhase section */
		2971FE678A9E0ADD9BECDF39 /* [CP] Check Pods Manifest.lock */ = {
			isa = PBXShellScriptBuildPhase;
			buildActionMask = 2147483647;
			files = (
			);
			inputPaths = (
			);
			name = "[CP] Check Pods Manifest.lock";
			outputPaths = (
			);
			runOnlyForDeploymentPostprocessing = 0;
			shellPath = /bin/sh;
			shellScript = "diff \"${PODS_PODFILE_DIR_PATH}/Podfile.lock\" \"${PODS_ROOT}/Manifest.lock\" > /dev/null\nif [ $? != 0 ] ; then\n    # print error to STDERR\n    echo \"error: The sandbox is not in sync with the Podfile.lock. Run 'pod install' or update your CocoaPods installation.\" >&2\n    exit 1\nfi\n";
			showEnvVarsInLog = 0;
		};
		4156A3D2EB7F7A8BBC153205 /* [CP] Copy Pods Resources */ = {
			isa = PBXShellScriptBuildPhase;
			buildActionMask = 2147483647;
			files = (
			);
			inputPaths = (
			);
			name = "[CP] Copy Pods Resources";
			outputPaths = (
			);
			runOnlyForDeploymentPostprocessing = 0;
			shellPath = /bin/sh;
			shellScript = "\"${SRCROOT}/Pods/Target Support Files/Pods-trakt-involves/Pods-trakt-involves-resources.sh\"\n";
			showEnvVarsInLog = 0;
		};
		70450408144651BAECFF70A0 /* [CP] Embed Pods Frameworks */ = {
			isa = PBXShellScriptBuildPhase;
			buildActionMask = 2147483647;
			files = (
			);
			inputPaths = (
			);
			name = "[CP] Embed Pods Frameworks";
			outputPaths = (
			);
			runOnlyForDeploymentPostprocessing = 0;
			shellPath = /bin/sh;
			shellScript = "\"${SRCROOT}/Pods/Target Support Files/Pods-trakt-involvesTests/Pods-trakt-involvesTests-frameworks.sh\"\n";
			showEnvVarsInLog = 0;
		};
		70D064E7EC3C2FECCC5EE2F6 /* [CP] Embed Pods Frameworks */ = {
			isa = PBXShellScriptBuildPhase;
			buildActionMask = 2147483647;
			files = (
			);
			inputPaths = (
			);
			name = "[CP] Embed Pods Frameworks";
			outputPaths = (
			);
			runOnlyForDeploymentPostprocessing = 0;
			shellPath = /bin/sh;
			shellScript = "\"${SRCROOT}/Pods/Target Support Files/Pods-trakt-involves/Pods-trakt-involves-frameworks.sh\"\n";
			showEnvVarsInLog = 0;
		};
		7DA56603FB9CCDC4559C963B /* [CP] Check Pods Manifest.lock */ = {
			isa = PBXShellScriptBuildPhase;
			buildActionMask = 2147483647;
			files = (
			);
			inputPaths = (
			);
			name = "[CP] Check Pods Manifest.lock";
			outputPaths = (
			);
			runOnlyForDeploymentPostprocessing = 0;
			shellPath = /bin/sh;
			shellScript = "diff \"${PODS_PODFILE_DIR_PATH}/Podfile.lock\" \"${PODS_ROOT}/Manifest.lock\" > /dev/null\nif [ $? != 0 ] ; then\n    # print error to STDERR\n    echo \"error: The sandbox is not in sync with the Podfile.lock. Run 'pod install' or update your CocoaPods installation.\" >&2\n    exit 1\nfi\n";
			showEnvVarsInLog = 0;
		};
		883E14041F294BB000EDB1E7 /* R Swift */ = {
			isa = PBXShellScriptBuildPhase;
			buildActionMask = 2147483647;
			files = (
			);
			inputPaths = (
			);
			name = "R Swift";
			outputPaths = (
			);
			runOnlyForDeploymentPostprocessing = 0;
			shellPath = /bin/sh;
			shellScript = "\"$PODS_ROOT/R.swift/rswift\" \"$SRCROOT/trakt-involves/Resources\"\n";
		};
		D53F17738C0F3E391F2811C3 /* [CP] Copy Pods Resources */ = {
			isa = PBXShellScriptBuildPhase;
			buildActionMask = 2147483647;
			files = (
			);
			inputPaths = (
			);
			name = "[CP] Copy Pods Resources";
			outputPaths = (
			);
			runOnlyForDeploymentPostprocessing = 0;
			shellPath = /bin/sh;
			shellScript = "\"${SRCROOT}/Pods/Target Support Files/Pods-trakt-involvesTests/Pods-trakt-involvesTests-resources.sh\"\n";
			showEnvVarsInLog = 0;
		};
/* End PBXShellScriptBuildPhase section */

/* Begin PBXSourcesBuildPhase section */
		883E138F1F29214300EDB1E7 /* Sources */ = {
			isa = PBXSourcesBuildPhase;
			buildActionMask = 2147483647;
			files = (
				883E13E01F293CA100EDB1E7 /* MainContract.swift in Sources */,
				883E13E71F29400E00EDB1E7 /* AuthManager.swift in Sources */,
				883E13E31F293CA100EDB1E7 /* MainRouter.swift in Sources */,
				883E13D71F2938DC00EDB1E7 /* RootRouter.swift in Sources */,
				883E13F21F2941D500EDB1E7 /* API.swift in Sources */,
				883E13CB1F2928DB00EDB1E7 /* URLRequest+Additions.swift in Sources */,
				883E13E41F293CA100EDB1E7 /* MainTabBarController.swift in Sources */,
				883E13FF1F294A3700EDB1E7 /* MyTvSeriesRouter.swift in Sources */,
				883E13E11F293CA100EDB1E7 /* MainInteractor.swift in Sources */,
				883E13D51F2938DC00EDB1E7 /* RootContract.swift in Sources */,
				883E13CA1F2928DB00EDB1E7 /* UIViewController+Additions.swift in Sources */,
				883E14061F294DCD00EDB1E7 /* R.generated.swift in Sources */,
				883E13971F29214300EDB1E7 /* AppDelegate.swift in Sources */,
				883E14001F294A3700EDB1E7 /* MyTvSeriesViewController.swift in Sources */,
				883E13C81F2928DB00EDB1E7 /* UIApplication+TopViewController.swift in Sources */,
				883E13CD1F2928DB00EDB1E7 /* ViewProtocols.swift in Sources */,
				883E13D61F2938DC00EDB1E7 /* RootPresenter.swift in Sources */,
				883E13E21F293CA100EDB1E7 /* MainPresenter.swift in Sources */,
				883E14091F29506F00EDB1E7 /* AuthenticationAPI.swift in Sources */,
				883E13F41F2941D500EDB1E7 /* Endpoint.swift in Sources */,
				883E13F51F2941D500EDB1E7 /* Endpoints.swift in Sources */,
				883E13FE1F294A3700EDB1E7 /* MyTvSeriesPresenter.swift in Sources */,
				883E13FC1F294A3700EDB1E7 /* MyTvSeriesContract.swift in Sources */,
				883E13F31F2941D500EDB1E7 /* Authentication.swift in Sources */,
				883E13FD1F294A3700EDB1E7 /* MyTvSeriesInteractor.swift in Sources */,
			);
			runOnlyForDeploymentPostprocessing = 0;
		};
		883E13A31F29214300EDB1E7 /* Sources */ = {
			isa = PBXSourcesBuildPhase;
			buildActionMask = 2147483647;
			files = (
				883E13AC1F29214300EDB1E7 /* trakt_involvesTests.swift in Sources */,
			);
			runOnlyForDeploymentPostprocessing = 0;
		};
/* End PBXSourcesBuildPhase section */

/* Begin PBXTargetDependency section */
		883E13A91F29214300EDB1E7 /* PBXTargetDependency */ = {
			isa = PBXTargetDependency;
			target = 883E13921F29214300EDB1E7 /* trakt-involves */;
			targetProxy = 883E13A81F29214300EDB1E7 /* PBXContainerItemProxy */;
		};
/* End PBXTargetDependency section */

/* Begin PBXVariantGroup section */
		883E13C41F2928DA00EDB1E7 /* LaunchScreen.storyboard */ = {
			isa = PBXVariantGroup;
			children = (
				883E13C51F2928DA00EDB1E7 /* Base */,
			);
			name = LaunchScreen.storyboard;
			sourceTree = "<group>";
		};
/* End PBXVariantGroup section */

/* Begin XCBuildConfiguration section */
		883E13AE1F29214300EDB1E7 /* Debug */ = {
			isa = XCBuildConfiguration;
			buildSettings = {
				ALWAYS_SEARCH_USER_PATHS = NO;
				CLANG_ANALYZER_NONNULL = YES;
				CLANG_ANALYZER_NUMBER_OBJECT_CONVERSION = YES_AGGRESSIVE;
				CLANG_CXX_LANGUAGE_STANDARD = "gnu++0x";
				CLANG_CXX_LIBRARY = "libc++";
				CLANG_ENABLE_MODULES = YES;
				CLANG_ENABLE_OBJC_ARC = YES;
				CLANG_WARN_BOOL_CONVERSION = YES;
				CLANG_WARN_CONSTANT_CONVERSION = YES;
				CLANG_WARN_DIRECT_OBJC_ISA_USAGE = YES_ERROR;
				CLANG_WARN_DOCUMENTATION_COMMENTS = YES;
				CLANG_WARN_EMPTY_BODY = YES;
				CLANG_WARN_ENUM_CONVERSION = YES;
				CLANG_WARN_INFINITE_RECURSION = YES;
				CLANG_WARN_INT_CONVERSION = YES;
				CLANG_WARN_OBJC_ROOT_CLASS = YES_ERROR;
				CLANG_WARN_SUSPICIOUS_MOVE = YES;
				CLANG_WARN_UNREACHABLE_CODE = YES;
				CLANG_WARN__DUPLICATE_METHOD_MATCH = YES;
				"CODE_SIGN_IDENTITY[sdk=iphoneos*]" = "iPhone Developer";
				COPY_PHASE_STRIP = NO;
				DEBUG_INFORMATION_FORMAT = dwarf;
				ENABLE_STRICT_OBJC_MSGSEND = YES;
				ENABLE_TESTABILITY = YES;
				GCC_C_LANGUAGE_STANDARD = gnu99;
				GCC_DYNAMIC_NO_PIC = NO;
				GCC_NO_COMMON_BLOCKS = YES;
				GCC_OPTIMIZATION_LEVEL = 0;
				GCC_PREPROCESSOR_DEFINITIONS = (
					"DEBUG=1",
					"$(inherited)",
				);
				GCC_WARN_64_TO_32_BIT_CONVERSION = YES;
				GCC_WARN_ABOUT_RETURN_TYPE = YES_ERROR;
				GCC_WARN_UNDECLARED_SELECTOR = YES;
				GCC_WARN_UNINITIALIZED_AUTOS = YES_AGGRESSIVE;
				GCC_WARN_UNUSED_FUNCTION = YES;
				GCC_WARN_UNUSED_VARIABLE = YES;
				IPHONEOS_DEPLOYMENT_TARGET = 10.3;
				MTL_ENABLE_DEBUG_INFO = YES;
				ONLY_ACTIVE_ARCH = YES;
				SDKROOT = iphoneos;
				SWIFT_ACTIVE_COMPILATION_CONDITIONS = DEBUG;
				SWIFT_OPTIMIZATION_LEVEL = "-Onone";
			};
			name = Debug;
		};
		883E13AF1F29214300EDB1E7 /* Release */ = {
			isa = XCBuildConfiguration;
			buildSettings = {
				ALWAYS_SEARCH_USER_PATHS = NO;
				CLANG_ANALYZER_NONNULL = YES;
				CLANG_ANALYZER_NUMBER_OBJECT_CONVERSION = YES_AGGRESSIVE;
				CLANG_CXX_LANGUAGE_STANDARD = "gnu++0x";
				CLANG_CXX_LIBRARY = "libc++";
				CLANG_ENABLE_MODULES = YES;
				CLANG_ENABLE_OBJC_ARC = YES;
				CLANG_WARN_BOOL_CONVERSION = YES;
				CLANG_WARN_CONSTANT_CONVERSION = YES;
				CLANG_WARN_DIRECT_OBJC_ISA_USAGE = YES_ERROR;
				CLANG_WARN_DOCUMENTATION_COMMENTS = YES;
				CLANG_WARN_EMPTY_BODY = YES;
				CLANG_WARN_ENUM_CONVERSION = YES;
				CLANG_WARN_INFINITE_RECURSION = YES;
				CLANG_WARN_INT_CONVERSION = YES;
				CLANG_WARN_OBJC_ROOT_CLASS = YES_ERROR;
				CLANG_WARN_SUSPICIOUS_MOVE = YES;
				CLANG_WARN_UNREACHABLE_CODE = YES;
				CLANG_WARN__DUPLICATE_METHOD_MATCH = YES;
				"CODE_SIGN_IDENTITY[sdk=iphoneos*]" = "iPhone Developer";
				COPY_PHASE_STRIP = NO;
				DEBUG_INFORMATION_FORMAT = "dwarf-with-dsym";
				ENABLE_NS_ASSERTIONS = NO;
				ENABLE_STRICT_OBJC_MSGSEND = YES;
				GCC_C_LANGUAGE_STANDARD = gnu99;
				GCC_NO_COMMON_BLOCKS = YES;
				GCC_WARN_64_TO_32_BIT_CONVERSION = YES;
				GCC_WARN_ABOUT_RETURN_TYPE = YES_ERROR;
				GCC_WARN_UNDECLARED_SELECTOR = YES;
				GCC_WARN_UNINITIALIZED_AUTOS = YES_AGGRESSIVE;
				GCC_WARN_UNUSED_FUNCTION = YES;
				GCC_WARN_UNUSED_VARIABLE = YES;
				IPHONEOS_DEPLOYMENT_TARGET = 10.3;
				MTL_ENABLE_DEBUG_INFO = NO;
				SDKROOT = iphoneos;
				SWIFT_OPTIMIZATION_LEVEL = "-Owholemodule";
				VALIDATE_PRODUCT = YES;
			};
			name = Release;
		};
		883E13B11F29214300EDB1E7 /* Debug */ = {
			isa = XCBuildConfiguration;
			baseConfigurationReference = 77DA78CA39210FEA18142E57 /* Pods-trakt-involves.debug.xcconfig */;
			buildSettings = {
				ASSETCATALOG_COMPILER_APPICON_NAME = AppIcon;
				INFOPLIST_FILE = "$(SRCROOT)/trakt-involves/Resources/Info.plist";
				LD_RUNPATH_SEARCH_PATHS = "$(inherited) @executable_path/Frameworks";
				PRODUCT_BUNDLE_IDENTIFIER = "tv.trakt.trakt-involves";
				PRODUCT_NAME = "$(TARGET_NAME)";
				SWIFT_VERSION = 3.0;
			};
			name = Debug;
		};
		883E13B21F29214300EDB1E7 /* Release */ = {
			isa = XCBuildConfiguration;
			baseConfigurationReference = 189C15D7935EB00B70DB2E7E /* Pods-trakt-involves.release.xcconfig */;
			buildSettings = {
				ASSETCATALOG_COMPILER_APPICON_NAME = AppIcon;
				INFOPLIST_FILE = "$(SRCROOT)/trakt-involves/Resources/Info.plist";
				LD_RUNPATH_SEARCH_PATHS = "$(inherited) @executable_path/Frameworks";
				PRODUCT_BUNDLE_IDENTIFIER = "tv.trakt.trakt-involves";
				PRODUCT_NAME = "$(TARGET_NAME)";
				SWIFT_VERSION = 3.0;
			};
			name = Release;
		};
		883E13B41F29214300EDB1E7 /* Debug */ = {
			isa = XCBuildConfiguration;
			baseConfigurationReference = 6E43836C82B332CF069CF107 /* Pods-trakt-involvesTests.debug.xcconfig */;
			buildSettings = {
				ALWAYS_EMBED_SWIFT_STANDARD_LIBRARIES = YES;
				BUNDLE_LOADER = "$(TEST_HOST)";
				INFOPLIST_FILE = "trakt-involvesTests/Info.plist";
				LD_RUNPATH_SEARCH_PATHS = "$(inherited) @executable_path/Frameworks @loader_path/Frameworks";
				PRODUCT_BUNDLE_IDENTIFIER = "tv.trakt.trakt-involvesTests";
				PRODUCT_NAME = "$(TARGET_NAME)";
				SWIFT_VERSION = 3.0;
				TEST_HOST = "$(BUILT_PRODUCTS_DIR)/trakt-involves.app/trakt-involves";
			};
			name = Debug;
		};
		883E13B51F29214300EDB1E7 /* Release */ = {
			isa = XCBuildConfiguration;
			baseConfigurationReference = B50B222126AD33C89E9AF560 /* Pods-trakt-involvesTests.release.xcconfig */;
			buildSettings = {
				ALWAYS_EMBED_SWIFT_STANDARD_LIBRARIES = YES;
				BUNDLE_LOADER = "$(TEST_HOST)";
				INFOPLIST_FILE = "trakt-involvesTests/Info.plist";
				LD_RUNPATH_SEARCH_PATHS = "$(inherited) @executable_path/Frameworks @loader_path/Frameworks";
				PRODUCT_BUNDLE_IDENTIFIER = "tv.trakt.trakt-involvesTests";
				PRODUCT_NAME = "$(TARGET_NAME)";
				SWIFT_VERSION = 3.0;
				TEST_HOST = "$(BUILT_PRODUCTS_DIR)/trakt-involves.app/trakt-involves";
			};
			name = Release;
		};
/* End XCBuildConfiguration section */

/* Begin XCConfigurationList section */
		883E138E1F29214300EDB1E7 /* Build configuration list for PBXProject "trakt-involves" */ = {
			isa = XCConfigurationList;
			buildConfigurations = (
				883E13AE1F29214300EDB1E7 /* Debug */,
				883E13AF1F29214300EDB1E7 /* Release */,
			);
			defaultConfigurationIsVisible = 0;
			defaultConfigurationName = Release;
		};
		883E13B01F29214300EDB1E7 /* Build configuration list for PBXNativeTarget "trakt-involves" */ = {
			isa = XCConfigurationList;
			buildConfigurations = (
				883E13B11F29214300EDB1E7 /* Debug */,
				883E13B21F29214300EDB1E7 /* Release */,
			);
			defaultConfigurationIsVisible = 0;
			defaultConfigurationName = Release;
		};
		883E13B31F29214300EDB1E7 /* Build configuration list for PBXNativeTarget "trakt-involvesTests" */ = {
			isa = XCConfigurationList;
			buildConfigurations = (
				883E13B41F29214300EDB1E7 /* Debug */,
				883E13B51F29214300EDB1E7 /* Release */,
			);
			defaultConfigurationIsVisible = 0;
			defaultConfigurationName = Release;
		};
/* End XCConfigurationList section */
	};
	rootObject = 883E138B1F29214300EDB1E7 /* Project object */;
}
